
Microsoft Visual Studio Solution File, Format Version 12.00
# Visual Studio 15
VisualStudioVersion = 15.0.26228.4
MinimumVisualStudioVersion = 10.0.40219.1
Project("{FAE04EC0-301F-11D3-BF4B-00C04F79EFBC}") = "Emceelee.Math.Expression", "Emceelee.Math.Expression\Emceelee.Math.Expression.csproj", "{B72C7047-395C-4E5D-AB9B-99B710ABD7F7}"
EndProject
Project("{FAE04EC0-301F-11D3-BF4B-00C04F79EFBC}") = "Emceelee.Math.Expression.Test", "Emceelee.Math.Expression.Test\Emceelee.Math.Expression.Test.csproj", "{71936B66-FE79-4C6A-B19D-E1A7B507DCFD}"
EndProject
Project("{FAE04EC0-301F-11D3-BF4B-00C04F79EFBC}") = "Emceelee.Math.Interpolation", "Emceelee.Math.Interpolation\Emceelee.Math.Interpolation.csproj", "{B37AEDF4-5646-4C0F-A842-B0B682A40E20}"
EndProject
Project("{FAE04EC0-301F-11D3-BF4B-00C04F79EFBC}") = "Emceelee.Math.Shared", "Emceelee.Math.Shared\Emceelee.Math.Shared.csproj", "{8660F1EF-ADB1-42C1-B86C-811E01107B3D}"
EndProject
Project("{FAE04EC0-301F-11D3-BF4B-00C04F79EFBC}") = "Emceelee.Math.WinForms.Chart", "Emceelee.Math.WinForms.Chart\Emceelee.Math.WinForms.Chart.csproj", "{6B9B22E0-9A89-4689-BDFC-52FF01C9A03F}"
EndProject
Project("{FAE04EC0-301F-11D3-BF4B-00C04F79EFBC}") = "Emceelee.Math.Calculus", "Emceelee.Math.Calculus\Emceelee.Math.Calculus.csproj", "{1624CF56-0002-4F34-A105-874968FFD79F}"
EndProject
Global
	GlobalSection(SolutionConfigurationPlatforms) = preSolution
		Debug|Any CPU = Debug|Any CPU
		Release|Any CPU = Release|Any CPU
	EndGlobalSection
	GlobalSection(ProjectConfigurationPlatforms) = postSolution
		{B72C7047-395C-4E5D-AB9B-99B710ABD7F7}.Debug|Any CPU.ActiveCfg = Debug|Any CPU
		{B72C7047-395C-4E5D-AB9B-99B710ABD7F7}.Debug|Any CPU.Build.0 = Debug|Any CPU
		{B72C7047-395C-4E5D-AB9B-99B710ABD7F7}.Release|Any CPU.ActiveCfg = Release|Any CPU
		{B72C7047-395C-4E5D-AB9B-99B710ABD7F7}.Release|Any CPU.Build.0 = Release|Any CPU
		{71936B66-FE79-4C6A-B19D-E1A7B507DCFD}.Debug|Any CPU.ActiveCfg = Debug|Any CPU
		{71936B66-FE79-4C6A-B19D-E1A7B507DCFD}.Debug|Any CPU.Build.0 = Debug|Any CPU
		{71936B66-FE79-4C6A-B19D-E1A7B507DCFD}.Release|Any CPU.ActiveCfg = Release|Any CPU
		{71936B66-FE79-4C6A-B19D-E1A7B507DCFD}.Release|Any CPU.Build.0 = Release|Any CPU
		{B37AEDF4-5646-4C0F-A842-B0B682A40E20}.Debug|Any CPU.ActiveCfg = Debug|Any CPU
		{B37AEDF4-5646-4C0F-A842-B0B682A40E20}.Debug|Any CPU.Build.0 = Debug|Any CPU
		{B37AEDF4-5646-4C0F-A842-B0B682A40E20}.Release|Any CPU.ActiveCfg = Release|Any CPU
		{B37AEDF4-5646-4C0F-A842-B0B682A40E20}.Release|Any CPU.Build.0 = Release|Any CPU
		{8660F1EF-ADB1-42C1-B86C-811E01107B3D}.Debug|Any CPU.ActiveCfg = Debug|Any CPU
		{8660F1EF-ADB1-42C1-B86C-811E01107B3D}.Debug|Any CPU.Build.0 = Debug|Any CPU
		{8660F1EF-ADB1-42C1-B86C-811E01107B3D}.Release|Any CPU.ActiveCfg = Release|Any CPU
		{8660F1EF-ADB1-42C1-B86C-811E01107B3D}.Release|Any CPU.Build.0 = Release|Any CPU
		{6B9B22E0-9A89-4689-BDFC-52FF01C9A03F}.Debug|Any CPU.ActiveCfg = Debug|Any CPU
		{6B9B22E0-9A89-4689-BDFC-52FF01C9A03F}.Debug|Any CPU.Build.0 = Debug|Any CPU
		{6B9B22E0-9A89-4689-BDFC-52FF01C9A03F}.Release|Any CPU.ActiveCfg = Release|Any CPU
		{6B9B22E0-9A89-4689-BDFC-52FF01C9A03F}.Release|Any CPU.Build.0 = Release|Any CPU
		{1624CF56-0002-4F34-A105-874968FFD79F}.Debug|Any CPU.ActiveCfg = Debug|Any CPU
		{1624CF56-0002-4F34-A105-874968FFD79F}.Debug|Any CPU.Build.0 = Debug|Any CPU
		{1624CF56-0002-4F34-A105-874968FFD79F}.Release|Any CPU.ActiveCfg = Release|Any CPU
		{1624CF56-0002-4F34-A105-874968FFD79F}.Release|Any CPU.Build.0 = Release|Any CPU
	EndGlobalSection
	GlobalSection(SolutionProperties) = preSolution
		HideSolutionNode = FALSE
	EndGlobalSection
EndGlobal
